
Microsoft Visual Studio Solution File, Format Version 12.00
# Visual Studio Version 16
VisualStudioVersion = 16.0.28803.352
MinimumVisualStudioVersion = 10.0.40219.1
Project("{2150E333-8FDC-42A3-9474-1A3956D46DE8}") = "0. READ_ME", "0. READ_ME", "{EA667DB2-2588-4D10-AF41-1B567338FB1F}"
	ProjectSection(SolutionItems) = preProject
		cweeLib\COPYING.txt = cweeLib\COPYING.txt
		cweeLib\README.txt = cweeLib\README.txt
	EndProjectSection
EndProject
Project("{8BC9CEB8-8B4A-11D0-8D11-00A0C91BC942}") = "WaterWatch_Win32_Console", "WaterWatch_Win32_Console\WaterWatch_Win32_Console.vcxproj", "{00159E40-C6F1-41F4-8B5F-1EC191A27A14}"
EndProject
Project("{2150E333-8FDC-42A3-9474-1A3956D46DE8}") = "1. C++", "1. C++", "{20DB2199-95A2-4184-BE60-9DDA31EA2397}"
EndProject
Project("{2150E333-8FDC-42A3-9474-1A3956D46DE8}") = "3. Cs Apps", "3. Cs Apps", "{FFC77E5D-2079-42CC-98A5-F2FE6D5D0CF6}"
EndProject
Project("{9A19103F-16F7-4668-BE54-9A1E7A4F7556}") = "CsConsoleApp", "CsConsoleApp\CsConsoleApp.csproj", "{5E0E837E-A9C9-416F-B418-0DCFA94FA200}"
	ProjectSection(ProjectDependencies) = postProject
		{3F1DAFBD-9E14-4E38-81E9-DB4AF4809721} = {3F1DAFBD-9E14-4E38-81E9-DB4AF4809721}
	EndProjectSection
EndProject
Project("{8BC9CEB8-8B4A-11D0-8D11-00A0C91BC942}") = "WaterWatch_Cs_SWIG", "WaterWatch_Cs_SWIG\WaterWatch_Cs_SWIG.vcxproj", "{3F1DAFBD-9E14-4E38-81E9-DB4AF4809721}"
EndProject
Project("{8BC9CEB8-8B4A-11D0-8D11-00A0C91BC942}") = "WaterWatch_Cpp", "WaterWatchCpp\WaterWatchCpp.vcxitems", "{D5E76E23-1C18-4361-816D-03B5C1FD7116}"
EndProject
Project("{8BC9CEB8-8B4A-11D0-8D11-00A0C91BC942}") = "DlibStaticLibrary", "DlibStaticLibrary\DlibStaticLibrary.vcxproj", "{C9CA8908-0FCD-4302-A962-A50215223380}"
EndProject
Project("{FAE04EC0-301F-11D3-BF4B-00C04F79EFBC}") = "UWP_WaterWatchLibrary", "UWP_WaterWatchLibrary\UWP_WaterWatchLibrary.csproj", "{5B6E4898-FA84-465B-91D9-E0547E3B3C29}"
EndProject
Project("{FAE04EC0-301F-11D3-BF4B-00C04F79EFBC}") = "UWP_WaterWatch", "UWP_WaterWatch\UWP_WaterWatch.csproj", "{50C8A67C-1DE4-4DA8-9C33-8FA249EB375E}"
EndProject
Project("{8BC9CEB8-8B4A-11D0-8D11-00A0C91BC942}") = "WaterWatch_UWP_SWIG", "WaterWatch_UWP_SWIG\WaterWatch_UWP_SWIG.vcxproj", "{28ADE060-7DF2-4FBA-BC96-9801C7993490}"
EndProject
Project("{8BC9CEB8-8B4A-11D0-8D11-00A0C91BC942}") = "cNominitum", "cNominitum\cNominitum.vcxproj", "{A9A70F1B-A6D7-4094-8CB4-CD5A90AF940E}"
EndProject
Project("{8BC9CEB8-8B4A-11D0-8D11-00A0C91BC942}") = "ODBC", "ODBC\ODBC.vcxproj", "{1A272023-C990-41F9-BCFF-7F480377A6A0}"
EndProject
Project("{8BC9CEB8-8B4A-11D0-8D11-00A0C91BC942}") = "WindowsPlatformTools", "WindowsPlatformTools\WindowsPlatformTools.vcxproj", "{6D90B501-45BF-4777-8EE1-BE7F74A8D6D1}"
EndProject
Project("{2150E333-8FDC-42A3-9474-1A3956D46DE8}") = "0. Static Libraries", "0. Static Libraries", "{2CF0C9A6-7CDD-4F5E-98D9-190F88BEA6F3}"
EndProject
Project("{8BC9CEB8-8B4A-11D0-8D11-00A0C91BC942}") = "CURL_STATIC_LIB", "CURL_STATIC_LIB\CURL_STATIC_LIB.vcxproj", "{B529D683-66C5-4C07-A660-0E886C17346A}"
EndProject
Project("{8BC9CEB8-8B4A-11D0-8D11-00A0C91BC942}") = "EPAnetLib", "EPAnetLib\EPAnetLib.vcxproj", "{E402EB0B-BA79-4B97-8BD4-B07BB860C9C2}"
EndProject
Project("{2150E333-8FDC-42A3-9474-1A3956D46DE8}") = "1. Excel", "1. Excel", "{11526701-A396-4C32-B98A-525B4CBDE867}"
EndProject
Project("{2150E333-8FDC-42A3-9474-1A3956D46DE8}") = "1. UWP", "1. UWP", "{75854C18-A942-4A13-8DA4-96A899672F04}"
EndProject
Project("{2150E333-8FDC-42A3-9474-1A3956D46DE8}") = "0. Console App", "0. Console App", "{7801E0C7-4CCD-4D3F-9966-28097F5AE5AC}"
EndProject
Project("{FAE04EC0-301F-11D3-BF4B-00C04F79EFBC}") = "Excel_WaterWatchLibrary", "Excel_WaterWatchLibrary\Excel_WaterWatchLibrary.csproj", "{66B946ED-AB97-4EC5-AF0A-FCFEEF08E938}"
EndProject
Project("{D954291E-2A0B-460D-934E-DC6B0785DB48}") = "CsFoundation", "CsFoundation\CsFoundation.shproj", "{F680EDD0-BB01-48B2-972A-D5FAC8766FFA}"
EndProject
Project("{2150E333-8FDC-42A3-9474-1A3956D46DE8}") = "2. C++ SWIG Converters", "2. C++ SWIG Converters", "{446C44D6-C51A-4301-AC7A-D3A734372C92}"
EndProject
Project("{54435603-DBB4-11D2-8724-00A0C9A8B90C}") = "Excel_WaterWatch_Installer", "WaterWatch_ExcelAddIn_Installer\SetupWaterWatchEx.vdproj", "{BA7A4DEB-AA28-45C2-B217-7439E9D3C269}"
EndProject
Project("{2150E333-8FDC-42A3-9474-1A3956D46DE8}") = "Installer (Bugged)", "Installer (Bugged)", "{BD291BA3-8335-431E-9642-F3FABE5CC432}"
	ProjectSection(SolutionItems) = preProject
		Excel Installation Background.txt = Excel Installation Background.txt
	EndProjectSection
EndProject
Project("{2150E333-8FDC-42A3-9474-1A3956D46DE8}") = "2. Console App", "2. Console App", "{BAADA90A-1DDC-4322-901E-B862637AEA3E}"
EndProject
Project("{2150E333-8FDC-42A3-9474-1A3956D46DE8}") = "0. USGS Elevations, Geocoding, Simple HTTPS", "0. USGS Elevations, Geocoding, Simple HTTPS", "{E41004AD-B997-42E4-A554-04604A8F5C9D}"
EndProject
Project("{2150E333-8FDC-42A3-9474-1A3956D46DE8}") = "1. cURL, Advanced HTTPS", "1. cURL, Advanced HTTPS", "{EA421CBA-A81B-4046-84A5-5559AE60C0BD}"
EndProject
Project("{2150E333-8FDC-42A3-9474-1A3956D46DE8}") = "2. Machine Learning", "2. Machine Learning", "{618427DC-3A3C-44AB-AD6A-C2C5543431E1}"
EndProject
Project("{2150E333-8FDC-42A3-9474-1A3956D46DE8}") = "3. EPAnet", "3. EPAnet", "{7281BA51-2F89-4B74-854B-5677A2DCC3F2}"
EndProject
Project("{2150E333-8FDC-42A3-9474-1A3956D46DE8}") = "4. Database, ODBC", "4. Database, ODBC", "{55CDF410-E989-4DDF-AE22-9E59D1CF68BF}"
EndProject
Project("{2150E333-8FDC-42A3-9474-1A3956D46DE8}") = "5. Windows", "5. Windows", "{1F7B1FDF-884F-439C-956A-1CF4299ABB65}"
EndProject
Project("{2150E333-8FDC-42A3-9474-1A3956D46DE8}") = "0. Cpp to Cs", "0. Cpp to Cs", "{93874B3B-560E-460B-AF98-F7B6AD6880FA}"
EndProject
Project("{2150E333-8FDC-42A3-9474-1A3956D46DE8}") = "1. Cpp to UWP", "1. Cpp to UWP", "{7B8F2343-2040-4232-BC23-A153C5B98E7E}"
EndProject
Project("{2150E333-8FDC-42A3-9474-1A3956D46DE8}") = "0. Cs", "0. Cs", "{F82B69F8-8606-4E9B-AFA4-898B97B65038}"
EndProject
Project("{2150E333-8FDC-42A3-9474-1A3956D46DE8}") = "1. Source", "1. Source", "{6541BAAE-1886-4C5B-AFFB-3C9C07AF308B}"
EndProject
Global
	GlobalSection(SharedMSBuildProjectFiles) = preSolution
		WaterWatchCpp\WaterWatchCpp.vcxitems*{00159e40-c6f1-41f4-8b5f-1ec191a27a14}*SharedItemsImports = 4
		WaterWatchCpp\WaterWatchCpp.vcxitems*{28ade060-7df2-4fba-bc96-9801c7993490}*SharedItemsImports = 4
		WaterWatchCpp\WaterWatchCpp.vcxitems*{3f1dafbd-9e14-4e38-81e9-db4af4809721}*SharedItemsImports = 4
		CsFoundation\CsFoundation.projitems*{66b946ed-ab97-4ec5-af0a-fcfeef08e938}*SharedItemsImports = 4
		WaterWatchCpp\WaterWatchCpp.vcxitems*{d5e76e23-1c18-4361-816d-03b5c1fd7116}*SharedItemsImports = 9
		CsFoundation\CsFoundation.projitems*{f680edd0-bb01-48b2-972a-d5fac8766ffa}*SharedItemsImports = 13
	EndGlobalSection
	GlobalSection(SolutionConfigurationPlatforms) = preSolution
		Debug|Any CPU = Debug|Any CPU
		Debug|ARM = Debug|ARM
		Debug|ARM64 = Debug|ARM64
		Debug|iPhone = Debug|iPhone
		Debug|iPhoneSimulator = Debug|iPhoneSimulator
		Debug|x64 = Debug|x64
		Debug|x86 = Debug|x86
		Release|Any CPU = Release|Any CPU
		Release|ARM = Release|ARM
		Release|ARM64 = Release|ARM64
		Release|iPhone = Release|iPhone
		Release|iPhoneSimulator = Release|iPhoneSimulator
		Release|x64 = Release|x64
		Release|x86 = Release|x86
	EndGlobalSection
	GlobalSection(ProjectConfigurationPlatforms) = postSolution
		{00159E40-C6F1-41F4-8B5F-1EC191A27A14}.Debug|Any CPU.ActiveCfg = Release|x64
		{00159E40-C6F1-41F4-8B5F-1EC191A27A14}.Debug|Any CPU.Build.0 = Release|x64
		{00159E40-C6F1-41F4-8B5F-1EC191A27A14}.Debug|ARM.ActiveCfg = Debug|Win32
		{00159E40-C6F1-41F4-8B5F-1EC191A27A14}.Debug|ARM64.ActiveCfg = Debug|Win32
		{00159E40-C6F1-41F4-8B5F-1EC191A27A14}.Debug|iPhone.ActiveCfg = Debug|Win32
		{00159E40-C6F1-41F4-8B5F-1EC191A27A14}.Debug|iPhoneSimulator.ActiveCfg = Debug|Win32
		{00159E40-C6F1-41F4-8B5F-1EC191A27A14}.Debug|x64.ActiveCfg = Release|x64
		{00159E40-C6F1-41F4-8B5F-1EC191A27A14}.Debug|x64.Build.0 = Release|x64
		{00159E40-C6F1-41F4-8B5F-1EC191A27A14}.Debug|x86.ActiveCfg = Debug|Win32
		{00159E40-C6F1-41F4-8B5F-1EC191A27A14}.Debug|x86.Build.0 = Debug|Win32
		{00159E40-C6F1-41F4-8B5F-1EC191A27A14}.Release|Any CPU.ActiveCfg = Release|x64
		{00159E40-C6F1-41F4-8B5F-1EC191A27A14}.Release|Any CPU.Build.0 = Release|x64
		{00159E40-C6F1-41F4-8B5F-1EC191A27A14}.Release|ARM.ActiveCfg = Release|Win32
		{00159E40-C6F1-41F4-8B5F-1EC191A27A14}.Release|ARM64.ActiveCfg = Release|Win32
		{00159E40-C6F1-41F4-8B5F-1EC191A27A14}.Release|iPhone.ActiveCfg = Release|Win32
		{00159E40-C6F1-41F4-8B5F-1EC191A27A14}.Release|iPhoneSimulator.ActiveCfg = Release|Win32
		{00159E40-C6F1-41F4-8B5F-1EC191A27A14}.Release|x64.ActiveCfg = Release|x64
		{00159E40-C6F1-41F4-8B5F-1EC191A27A14}.Release|x64.Build.0 = Release|x64
		{00159E40-C6F1-41F4-8B5F-1EC191A27A14}.Release|x86.ActiveCfg = Release|Win32
		{00159E40-C6F1-41F4-8B5F-1EC191A27A14}.Release|x86.Build.0 = Release|Win32
		{5E0E837E-A9C9-416F-B418-0DCFA94FA200}.Debug|Any CPU.ActiveCfg = Release|Any CPU
		{5E0E837E-A9C9-416F-B418-0DCFA94FA200}.Debug|Any CPU.Build.0 = Release|Any CPU
		{5E0E837E-A9C9-416F-B418-0DCFA94FA200}.Debug|ARM.ActiveCfg = Debug|Any CPU
		{5E0E837E-A9C9-416F-B418-0DCFA94FA200}.Debug|ARM.Build.0 = Debug|Any CPU
		{5E0E837E-A9C9-416F-B418-0DCFA94FA200}.Debug|ARM64.ActiveCfg = Debug|Any CPU
		{5E0E837E-A9C9-416F-B418-0DCFA94FA200}.Debug|ARM64.Build.0 = Debug|Any CPU
		{5E0E837E-A9C9-416F-B418-0DCFA94FA200}.Debug|iPhone.ActiveCfg = Debug|Any CPU
		{5E0E837E-A9C9-416F-B418-0DCFA94FA200}.Debug|iPhone.Build.0 = Debug|Any CPU
		{5E0E837E-A9C9-416F-B418-0DCFA94FA200}.Debug|iPhoneSimulator.ActiveCfg = Debug|Any CPU
		{5E0E837E-A9C9-416F-B418-0DCFA94FA200}.Debug|iPhoneSimulator.Build.0 = Debug|Any CPU
		{5E0E837E-A9C9-416F-B418-0DCFA94FA200}.Debug|x64.ActiveCfg = Release|Any CPU
		{5E0E837E-A9C9-416F-B418-0DCFA94FA200}.Debug|x64.Build.0 = Release|Any CPU
		{5E0E837E-A9C9-416F-B418-0DCFA94FA200}.Debug|x86.ActiveCfg = Debug|Any CPU
		{5E0E837E-A9C9-416F-B418-0DCFA94FA200}.Debug|x86.Build.0 = Debug|Any CPU
		{5E0E837E-A9C9-416F-B418-0DCFA94FA200}.Release|Any CPU.ActiveCfg = Release|Any CPU
		{5E0E837E-A9C9-416F-B418-0DCFA94FA200}.Release|Any CPU.Build.0 = Release|Any CPU
		{5E0E837E-A9C9-416F-B418-0DCFA94FA200}.Release|ARM.ActiveCfg = Release|Any CPU
		{5E0E837E-A9C9-416F-B418-0DCFA94FA200}.Release|ARM.Build.0 = Release|Any CPU
		{5E0E837E-A9C9-416F-B418-0DCFA94FA200}.Release|ARM64.ActiveCfg = Release|Any CPU
		{5E0E837E-A9C9-416F-B418-0DCFA94FA200}.Release|ARM64.Build.0 = Release|Any CPU
		{5E0E837E-A9C9-416F-B418-0DCFA94FA200}.Release|iPhone.ActiveCfg = Release|Any CPU
		{5E0E837E-A9C9-416F-B418-0DCFA94FA200}.Release|iPhone.Build.0 = Release|Any CPU
		{5E0E837E-A9C9-416F-B418-0DCFA94FA200}.Release|iPhoneSimulator.ActiveCfg = Release|Any CPU
		{5E0E837E-A9C9-416F-B418-0DCFA94FA200}.Release|iPhoneSimulator.Build.0 = Release|Any CPU
		{5E0E837E-A9C9-416F-B418-0DCFA94FA200}.Release|x64.ActiveCfg = Release|Any CPU
		{5E0E837E-A9C9-416F-B418-0DCFA94FA200}.Release|x64.Build.0 = Release|Any CPU
		{5E0E837E-A9C9-416F-B418-0DCFA94FA200}.Release|x86.ActiveCfg = Release|Any CPU
		{5E0E837E-A9C9-416F-B418-0DCFA94FA200}.Release|x86.Build.0 = Release|Any CPU
		{3F1DAFBD-9E14-4E38-81E9-DB4AF4809721}.Debug|Any CPU.ActiveCfg = Release|x64
		{3F1DAFBD-9E14-4E38-81E9-DB4AF4809721}.Debug|Any CPU.Build.0 = Release|x64
		{3F1DAFBD-9E14-4E38-81E9-DB4AF4809721}.Debug|ARM.ActiveCfg = Debug|Win32
		{3F1DAFBD-9E14-4E38-81E9-DB4AF4809721}.Debug|ARM64.ActiveCfg = Debug|Win32
		{3F1DAFBD-9E14-4E38-81E9-DB4AF4809721}.Debug|iPhone.ActiveCfg = Debug|Win32
		{3F1DAFBD-9E14-4E38-81E9-DB4AF4809721}.Debug|iPhoneSimulator.ActiveCfg = Debug|Win32
		{3F1DAFBD-9E14-4E38-81E9-DB4AF4809721}.Debug|x64.ActiveCfg = Release|x64
		{3F1DAFBD-9E14-4E38-81E9-DB4AF4809721}.Debug|x64.Build.0 = Release|x64
		{3F1DAFBD-9E14-4E38-81E9-DB4AF4809721}.Debug|x86.ActiveCfg = Debug|Win32
		{3F1DAFBD-9E14-4E38-81E9-DB4AF4809721}.Debug|x86.Build.0 = Debug|Win32
		{3F1DAFBD-9E14-4E38-81E9-DB4AF4809721}.Release|Any CPU.ActiveCfg = Release|x64
		{3F1DAFBD-9E14-4E38-81E9-DB4AF4809721}.Release|Any CPU.Build.0 = Release|x64
		{3F1DAFBD-9E14-4E38-81E9-DB4AF4809721}.Release|ARM.ActiveCfg = Release|Win32
		{3F1DAFBD-9E14-4E38-81E9-DB4AF4809721}.Release|ARM64.ActiveCfg = Release|Win32
		{3F1DAFBD-9E14-4E38-81E9-DB4AF4809721}.Release|iPhone.ActiveCfg = Release|Win32
		{3F1DAFBD-9E14-4E38-81E9-DB4AF4809721}.Release|iPhoneSimulator.ActiveCfg = Release|Win32
		{3F1DAFBD-9E14-4E38-81E9-DB4AF4809721}.Release|x64.ActiveCfg = Release|x64
		{3F1DAFBD-9E14-4E38-81E9-DB4AF4809721}.Release|x64.Build.0 = Release|x64
		{3F1DAFBD-9E14-4E38-81E9-DB4AF4809721}.Release|x86.ActiveCfg = Release|Win32
		{3F1DAFBD-9E14-4E38-81E9-DB4AF4809721}.Release|x86.Build.0 = Release|Win32
		{C9CA8908-0FCD-4302-A962-A50215223380}.Debug|Any CPU.ActiveCfg = Release|x64
		{C9CA8908-0FCD-4302-A962-A50215223380}.Debug|Any CPU.Build.0 = Release|x64
		{C9CA8908-0FCD-4302-A962-A50215223380}.Debug|ARM.ActiveCfg = Debug|Win32
		{C9CA8908-0FCD-4302-A962-A50215223380}.Debug|ARM64.ActiveCfg = Debug|Win32
		{C9CA8908-0FCD-4302-A962-A50215223380}.Debug|iPhone.ActiveCfg = Debug|Win32
		{C9CA8908-0FCD-4302-A962-A50215223380}.Debug|iPhoneSimulator.ActiveCfg = Debug|Win32
		{C9CA8908-0FCD-4302-A962-A50215223380}.Debug|x64.ActiveCfg = Release|x64
		{C9CA8908-0FCD-4302-A962-A50215223380}.Debug|x64.Build.0 = Release|x64
		{C9CA8908-0FCD-4302-A962-A50215223380}.Debug|x86.ActiveCfg = Debug|Win32
		{C9CA8908-0FCD-4302-A962-A50215223380}.Debug|x86.Build.0 = Debug|Win32
		{C9CA8908-0FCD-4302-A962-A50215223380}.Release|Any CPU.ActiveCfg = Release|x64
		{C9CA8908-0FCD-4302-A962-A50215223380}.Release|Any CPU.Build.0 = Release|x64
		{C9CA8908-0FCD-4302-A962-A50215223380}.Release|ARM.ActiveCfg = Release|Win32
		{C9CA8908-0FCD-4302-A962-A50215223380}.Release|ARM64.ActiveCfg = Release|Win32
		{C9CA8908-0FCD-4302-A962-A50215223380}.Release|iPhone.ActiveCfg = Release|Win32
		{C9CA8908-0FCD-4302-A962-A50215223380}.Release|iPhoneSimulator.ActiveCfg = Release|Win32
		{C9CA8908-0FCD-4302-A962-A50215223380}.Release|x64.ActiveCfg = Release|x64
		{C9CA8908-0FCD-4302-A962-A50215223380}.Release|x64.Build.0 = Release|x64
		{C9CA8908-0FCD-4302-A962-A50215223380}.Release|x86.ActiveCfg = Release|Win32
		{C9CA8908-0FCD-4302-A962-A50215223380}.Release|x86.Build.0 = Release|Win32
		{5B6E4898-FA84-465B-91D9-E0547E3B3C29}.Debug|Any CPU.ActiveCfg = Release|x64
		{5B6E4898-FA84-465B-91D9-E0547E3B3C29}.Debug|Any CPU.Build.0 = Release|x64
		{5B6E4898-FA84-465B-91D9-E0547E3B3C29}.Debug|ARM.ActiveCfg = Debug|ARM
		{5B6E4898-FA84-465B-91D9-E0547E3B3C29}.Debug|ARM.Build.0 = Debug|ARM
		{5B6E4898-FA84-465B-91D9-E0547E3B3C29}.Debug|ARM64.ActiveCfg = Debug|ARM64
		{5B6E4898-FA84-465B-91D9-E0547E3B3C29}.Debug|ARM64.Build.0 = Debug|ARM64
		{5B6E4898-FA84-465B-91D9-E0547E3B3C29}.Debug|iPhone.ActiveCfg = Debug|Any CPU
		{5B6E4898-FA84-465B-91D9-E0547E3B3C29}.Debug|iPhone.Build.0 = Debug|Any CPU
		{5B6E4898-FA84-465B-91D9-E0547E3B3C29}.Debug|iPhoneSimulator.ActiveCfg = Debug|Any CPU
		{5B6E4898-FA84-465B-91D9-E0547E3B3C29}.Debug|iPhoneSimulator.Build.0 = Debug|Any CPU
		{5B6E4898-FA84-465B-91D9-E0547E3B3C29}.Debug|x64.ActiveCfg = Release|x64
		{5B6E4898-FA84-465B-91D9-E0547E3B3C29}.Debug|x64.Build.0 = Release|x64
		{5B6E4898-FA84-465B-91D9-E0547E3B3C29}.Debug|x86.ActiveCfg = Debug|x86
		{5B6E4898-FA84-465B-91D9-E0547E3B3C29}.Debug|x86.Build.0 = Debug|x86
		{5B6E4898-FA84-465B-91D9-E0547E3B3C29}.Release|Any CPU.ActiveCfg = Release|x64
		{5B6E4898-FA84-465B-91D9-E0547E3B3C29}.Release|Any CPU.Build.0 = Release|x64
		{5B6E4898-FA84-465B-91D9-E0547E3B3C29}.Release|ARM.ActiveCfg = Release|ARM
		{5B6E4898-FA84-465B-91D9-E0547E3B3C29}.Release|ARM.Build.0 = Release|ARM
		{5B6E4898-FA84-465B-91D9-E0547E3B3C29}.Release|ARM64.ActiveCfg = Release|ARM64
		{5B6E4898-FA84-465B-91D9-E0547E3B3C29}.Release|ARM64.Build.0 = Release|ARM64
		{5B6E4898-FA84-465B-91D9-E0547E3B3C29}.Release|iPhone.ActiveCfg = Release|Any CPU
		{5B6E4898-FA84-465B-91D9-E0547E3B3C29}.Release|iPhone.Build.0 = Release|Any CPU
		{5B6E4898-FA84-465B-91D9-E0547E3B3C29}.Release|iPhoneSimulator.ActiveCfg = Release|Any CPU
		{5B6E4898-FA84-465B-91D9-E0547E3B3C29}.Release|iPhoneSimulator.Build.0 = Release|Any CPU
		{5B6E4898-FA84-465B-91D9-E0547E3B3C29}.Release|x64.ActiveCfg = Release|x64
		{5B6E4898-FA84-465B-91D9-E0547E3B3C29}.Release|x64.Build.0 = Release|x64
		{5B6E4898-FA84-465B-91D9-E0547E3B3C29}.Release|x86.ActiveCfg = Release|x86
		{5B6E4898-FA84-465B-91D9-E0547E3B3C29}.Release|x86.Build.0 = Release|x86
		{50C8A67C-1DE4-4DA8-9C33-8FA249EB375E}.Debug|Any CPU.ActiveCfg = Release|x64
		{50C8A67C-1DE4-4DA8-9C33-8FA249EB375E}.Debug|Any CPU.Build.0 = Release|x64
		{50C8A67C-1DE4-4DA8-9C33-8FA249EB375E}.Debug|Any CPU.Deploy.0 = Release|x64
		{50C8A67C-1DE4-4DA8-9C33-8FA249EB375E}.Debug|ARM.ActiveCfg = Debug|ARM
		{50C8A67C-1DE4-4DA8-9C33-8FA249EB375E}.Debug|ARM.Build.0 = Debug|ARM
		{50C8A67C-1DE4-4DA8-9C33-8FA249EB375E}.Debug|ARM.Deploy.0 = Debug|ARM
		{50C8A67C-1DE4-4DA8-9C33-8FA249EB375E}.Debug|ARM64.ActiveCfg = Debug|ARM64
		{50C8A67C-1DE4-4DA8-9C33-8FA249EB375E}.Debug|ARM64.Build.0 = Debug|ARM64
		{50C8A67C-1DE4-4DA8-9C33-8FA249EB375E}.Debug|ARM64.Deploy.0 = Debug|ARM64
		{50C8A67C-1DE4-4DA8-9C33-8FA249EB375E}.Debug|iPhone.ActiveCfg = Debug|x86
		{50C8A67C-1DE4-4DA8-9C33-8FA249EB375E}.Debug|iPhoneSimulator.ActiveCfg = Debug|x86
		{50C8A67C-1DE4-4DA8-9C33-8FA249EB375E}.Debug|x64.ActiveCfg = Release|x64
		{50C8A67C-1DE4-4DA8-9C33-8FA249EB375E}.Debug|x64.Build.0 = Release|x64
		{50C8A67C-1DE4-4DA8-9C33-8FA249EB375E}.Debug|x64.Deploy.0 = Release|x64
		{50C8A67C-1DE4-4DA8-9C33-8FA249EB375E}.Debug|x86.ActiveCfg = Debug|x86
		{50C8A67C-1DE4-4DA8-9C33-8FA249EB375E}.Debug|x86.Build.0 = Debug|x86
		{50C8A67C-1DE4-4DA8-9C33-8FA249EB375E}.Debug|x86.Deploy.0 = Debug|x86
		{50C8A67C-1DE4-4DA8-9C33-8FA249EB375E}.Release|Any CPU.ActiveCfg = Release|x64
		{50C8A67C-1DE4-4DA8-9C33-8FA249EB375E}.Release|Any CPU.Build.0 = Release|x64
		{50C8A67C-1DE4-4DA8-9C33-8FA249EB375E}.Release|Any CPU.Deploy.0 = Release|x64
		{50C8A67C-1DE4-4DA8-9C33-8FA249EB375E}.Release|ARM.ActiveCfg = Release|ARM
		{50C8A67C-1DE4-4DA8-9C33-8FA249EB375E}.Release|ARM.Build.0 = Release|ARM
		{50C8A67C-1DE4-4DA8-9C33-8FA249EB375E}.Release|ARM.Deploy.0 = Release|ARM
		{50C8A67C-1DE4-4DA8-9C33-8FA249EB375E}.Release|ARM64.ActiveCfg = Release|ARM64
		{50C8A67C-1DE4-4DA8-9C33-8FA249EB375E}.Release|ARM64.Build.0 = Release|ARM64
		{50C8A67C-1DE4-4DA8-9C33-8FA249EB375E}.Release|ARM64.Deploy.0 = Release|ARM64
		{50C8A67C-1DE4-4DA8-9C33-8FA249EB375E}.Release|iPhone.ActiveCfg = Release|x86
		{50C8A67C-1DE4-4DA8-9C33-8FA249EB375E}.Release|iPhoneSimulator.ActiveCfg = Release|x86
		{50C8A67C-1DE4-4DA8-9C33-8FA249EB375E}.Release|x64.ActiveCfg = Release|x64
		{50C8A67C-1DE4-4DA8-9C33-8FA249EB375E}.Release|x64.Build.0 = Release|x64
		{50C8A67C-1DE4-4DA8-9C33-8FA249EB375E}.Release|x64.Deploy.0 = Release|x64
		{50C8A67C-1DE4-4DA8-9C33-8FA249EB375E}.Release|x86.ActiveCfg = Release|x86
		{50C8A67C-1DE4-4DA8-9C33-8FA249EB375E}.Release|x86.Build.0 = Release|x86
		{50C8A67C-1DE4-4DA8-9C33-8FA249EB375E}.Release|x86.Deploy.0 = Release|x86
		{28ADE060-7DF2-4FBA-BC96-9801C7993490}.Debug|Any CPU.ActiveCfg = Release|x64
		{28ADE060-7DF2-4FBA-BC96-9801C7993490}.Debug|Any CPU.Build.0 = Release|x64
		{28ADE060-7DF2-4FBA-BC96-9801C7993490}.Debug|ARM.ActiveCfg = Debug|ARM
		{28ADE060-7DF2-4FBA-BC96-9801C7993490}.Debug|ARM.Build.0 = Debug|ARM
		{28ADE060-7DF2-4FBA-BC96-9801C7993490}.Debug|ARM64.ActiveCfg = Debug|ARM64
		{28ADE060-7DF2-4FBA-BC96-9801C7993490}.Debug|ARM64.Build.0 = Debug|ARM64
		{28ADE060-7DF2-4FBA-BC96-9801C7993490}.Debug|iPhone.ActiveCfg = Debug|Win32
		{28ADE060-7DF2-4FBA-BC96-9801C7993490}.Debug|iPhoneSimulator.ActiveCfg = Debug|Win32
		{28ADE060-7DF2-4FBA-BC96-9801C7993490}.Debug|x64.ActiveCfg = Release|x64
		{28ADE060-7DF2-4FBA-BC96-9801C7993490}.Debug|x64.Build.0 = Release|x64
		{28ADE060-7DF2-4FBA-BC96-9801C7993490}.Debug|x86.ActiveCfg = Debug|Win32
		{28ADE060-7DF2-4FBA-BC96-9801C7993490}.Debug|x86.Build.0 = Debug|Win32
		{28ADE060-7DF2-4FBA-BC96-9801C7993490}.Release|Any CPU.ActiveCfg = Release|x64
		{28ADE060-7DF2-4FBA-BC96-9801C7993490}.Release|Any CPU.Build.0 = Release|x64
		{28ADE060-7DF2-4FBA-BC96-9801C7993490}.Release|ARM.ActiveCfg = Release|ARM
		{28ADE060-7DF2-4FBA-BC96-9801C7993490}.Release|ARM.Build.0 = Release|ARM
		{28ADE060-7DF2-4FBA-BC96-9801C7993490}.Release|ARM64.ActiveCfg = Release|ARM64
		{28ADE060-7DF2-4FBA-BC96-9801C7993490}.Release|ARM64.Build.0 = Release|ARM64
		{28ADE060-7DF2-4FBA-BC96-9801C7993490}.Release|iPhone.ActiveCfg = Release|Win32
		{28ADE060-7DF2-4FBA-BC96-9801C7993490}.Release|iPhoneSimulator.ActiveCfg = Release|Win32
		{28ADE060-7DF2-4FBA-BC96-9801C7993490}.Release|x64.ActiveCfg = Release|x64
		{28ADE060-7DF2-4FBA-BC96-9801C7993490}.Release|x64.Build.0 = Release|x64
		{28ADE060-7DF2-4FBA-BC96-9801C7993490}.Release|x86.ActiveCfg = Release|Win32
		{28ADE060-7DF2-4FBA-BC96-9801C7993490}.Release|x86.Build.0 = Release|Win32
		{A9A70F1B-A6D7-4094-8CB4-CD5A90AF940E}.Debug|Any CPU.ActiveCfg = Release|x64
		{A9A70F1B-A6D7-4094-8CB4-CD5A90AF940E}.Debug|Any CPU.Build.0 = Release|x64
		{A9A70F1B-A6D7-4094-8CB4-CD5A90AF940E}.Debug|ARM.ActiveCfg = Debug|Win32
		{A9A70F1B-A6D7-4094-8CB4-CD5A90AF940E}.Debug|ARM64.ActiveCfg = Debug|Win32
		{A9A70F1B-A6D7-4094-8CB4-CD5A90AF940E}.Debug|iPhone.ActiveCfg = Debug|Win32
		{A9A70F1B-A6D7-4094-8CB4-CD5A90AF940E}.Debug|iPhoneSimulator.ActiveCfg = Debug|Win32
		{A9A70F1B-A6D7-4094-8CB4-CD5A90AF940E}.Debug|x64.ActiveCfg = Release|x64
		{A9A70F1B-A6D7-4094-8CB4-CD5A90AF940E}.Debug|x64.Build.0 = Release|x64
		{A9A70F1B-A6D7-4094-8CB4-CD5A90AF940E}.Debug|x86.ActiveCfg = Debug|Win32
		{A9A70F1B-A6D7-4094-8CB4-CD5A90AF940E}.Debug|x86.Build.0 = Debug|Win32
		{A9A70F1B-A6D7-4094-8CB4-CD5A90AF940E}.Release|Any CPU.ActiveCfg = Release|x64
		{A9A70F1B-A6D7-4094-8CB4-CD5A90AF940E}.Release|Any CPU.Build.0 = Release|x64
		{A9A70F1B-A6D7-4094-8CB4-CD5A90AF940E}.Release|ARM.ActiveCfg = Release|Win32
		{A9A70F1B-A6D7-4094-8CB4-CD5A90AF940E}.Release|ARM64.ActiveCfg = Release|Win32
		{A9A70F1B-A6D7-4094-8CB4-CD5A90AF940E}.Release|iPhone.ActiveCfg = Release|Win32
		{A9A70F1B-A6D7-4094-8CB4-CD5A90AF940E}.Release|iPhoneSimulator.ActiveCfg = Release|Win32
		{A9A70F1B-A6D7-4094-8CB4-CD5A90AF940E}.Release|x64.ActiveCfg = Release|x64
		{A9A70F1B-A6D7-4094-8CB4-CD5A90AF940E}.Release|x64.Build.0 = Release|x64
		{A9A70F1B-A6D7-4094-8CB4-CD5A90AF940E}.Release|x86.ActiveCfg = Release|Win32
		{A9A70F1B-A6D7-4094-8CB4-CD5A90AF940E}.Release|x86.Build.0 = Release|Win32
		{1A272023-C990-41F9-BCFF-7F480377A6A0}.Debug|Any CPU.ActiveCfg = Release|x64
		{1A272023-C990-41F9-BCFF-7F480377A6A0}.Debug|Any CPU.Build.0 = Release|x64
		{1A272023-C990-41F9-BCFF-7F480377A6A0}.Debug|ARM.ActiveCfg = Debug|Win32
		{1A272023-C990-41F9-BCFF-7F480377A6A0}.Debug|ARM64.ActiveCfg = Debug|Win32
		{1A272023-C990-41F9-BCFF-7F480377A6A0}.Debug|iPhone.ActiveCfg = Debug|Win32
		{1A272023-C990-41F9-BCFF-7F480377A6A0}.Debug|iPhoneSimulator.ActiveCfg = Debug|Win32
		{1A272023-C990-41F9-BCFF-7F480377A6A0}.Debug|x64.ActiveCfg = Release|x64
		{1A272023-C990-41F9-BCFF-7F480377A6A0}.Debug|x64.Build.0 = Release|x64
		{1A272023-C990-41F9-BCFF-7F480377A6A0}.Debug|x86.ActiveCfg = Debug|Win32
		{1A272023-C990-41F9-BCFF-7F480377A6A0}.Debug|x86.Build.0 = Debug|Win32
		{1A272023-C990-41F9-BCFF-7F480377A6A0}.Release|Any CPU.ActiveCfg = Release|x64
		{1A272023-C990-41F9-BCFF-7F480377A6A0}.Release|Any CPU.Build.0 = Release|x64
		{1A272023-C990-41F9-BCFF-7F480377A6A0}.Release|ARM.ActiveCfg = Release|Win32
		{1A272023-C990-41F9-BCFF-7F480377A6A0}.Release|ARM64.ActiveCfg = Release|Win32
		{1A272023-C990-41F9-BCFF-7F480377A6A0}.Release|iPhone.ActiveCfg = Release|Win32
		{1A272023-C990-41F9-BCFF-7F480377A6A0}.Release|iPhoneSimulator.ActiveCfg = Release|Win32
		{1A272023-C990-41F9-BCFF-7F480377A6A0}.Release|x64.ActiveCfg = Release|x64
		{1A272023-C990-41F9-BCFF-7F480377A6A0}.Release|x64.Build.0 = Release|x64
		{1A272023-C990-41F9-BCFF-7F480377A6A0}.Release|x86.ActiveCfg = Release|Win32
		{1A272023-C990-41F9-BCFF-7F480377A6A0}.Release|x86.Build.0 = Release|Win32
		{6D90B501-45BF-4777-8EE1-BE7F74A8D6D1}.Debug|Any CPU.ActiveCfg = Release|x64
		{6D90B501-45BF-4777-8EE1-BE7F74A8D6D1}.Debug|Any CPU.Build.0 = Release|x64
		{6D90B501-45BF-4777-8EE1-BE7F74A8D6D1}.Debug|ARM.ActiveCfg = Debug|Win32
		{6D90B501-45BF-4777-8EE1-BE7F74A8D6D1}.Debug|ARM64.ActiveCfg = Debug|Win32
		{6D90B501-45BF-4777-8EE1-BE7F74A8D6D1}.Debug|iPhone.ActiveCfg = Debug|Win32
		{6D90B501-45BF-4777-8EE1-BE7F74A8D6D1}.Debug|iPhoneSimulator.ActiveCfg = Debug|Win32
		{6D90B501-45BF-4777-8EE1-BE7F74A8D6D1}.Debug|x64.ActiveCfg = Release|x64
		{6D90B501-45BF-4777-8EE1-BE7F74A8D6D1}.Debug|x64.Build.0 = Release|x64
		{6D90B501-45BF-4777-8EE1-BE7F74A8D6D1}.Debug|x86.ActiveCfg = Debug|Win32
		{6D90B501-45BF-4777-8EE1-BE7F74A8D6D1}.Debug|x86.Build.0 = Debug|Win32
		{6D90B501-45BF-4777-8EE1-BE7F74A8D6D1}.Release|Any CPU.ActiveCfg = Release|x64
		{6D90B501-45BF-4777-8EE1-BE7F74A8D6D1}.Release|Any CPU.Build.0 = Release|x64
		{6D90B501-45BF-4777-8EE1-BE7F74A8D6D1}.Release|ARM.ActiveCfg = Release|Win32
		{6D90B501-45BF-4777-8EE1-BE7F74A8D6D1}.Release|ARM64.ActiveCfg = Release|Win32
		{6D90B501-45BF-4777-8EE1-BE7F74A8D6D1}.Release|iPhone.ActiveCfg = Release|Win32
		{6D90B501-45BF-4777-8EE1-BE7F74A8D6D1}.Release|iPhoneSimulator.ActiveCfg = Release|Win32
		{6D90B501-45BF-4777-8EE1-BE7F74A8D6D1}.Release|x64.ActiveCfg = Release|x64
		{6D90B501-45BF-4777-8EE1-BE7F74A8D6D1}.Release|x64.Build.0 = Release|x64
		{6D90B501-45BF-4777-8EE1-BE7F74A8D6D1}.Release|x86.ActiveCfg = Release|Win32
		{6D90B501-45BF-4777-8EE1-BE7F74A8D6D1}.Release|x86.Build.0 = Release|Win32
		{B529D683-66C5-4C07-A660-0E886C17346A}.Debug|Any CPU.ActiveCfg = Release|x64
		{B529D683-66C5-4C07-A660-0E886C17346A}.Debug|Any CPU.Build.0 = Release|x64
		{B529D683-66C5-4C07-A660-0E886C17346A}.Debug|ARM.ActiveCfg = Debug|Win32
		{B529D683-66C5-4C07-A660-0E886C17346A}.Debug|ARM64.ActiveCfg = Debug|Win32
		{B529D683-66C5-4C07-A660-0E886C17346A}.Debug|iPhone.ActiveCfg = Debug|Win32
		{B529D683-66C5-4C07-A660-0E886C17346A}.Debug|iPhoneSimulator.ActiveCfg = Debug|Win32
		{B529D683-66C5-4C07-A660-0E886C17346A}.Debug|x64.ActiveCfg = Release|x64
		{B529D683-66C5-4C07-A660-0E886C17346A}.Debug|x64.Build.0 = Release|x64
		{B529D683-66C5-4C07-A660-0E886C17346A}.Debug|x86.ActiveCfg = Debug|Win32
		{B529D683-66C5-4C07-A660-0E886C17346A}.Debug|x86.Build.0 = Debug|Win32
		{B529D683-66C5-4C07-A660-0E886C17346A}.Release|Any CPU.ActiveCfg = Release|x64
		{B529D683-66C5-4C07-A660-0E886C17346A}.Release|Any CPU.Build.0 = Release|x64
		{B529D683-66C5-4C07-A660-0E886C17346A}.Release|ARM.ActiveCfg = Release|Win32
		{B529D683-66C5-4C07-A660-0E886C17346A}.Release|ARM64.ActiveCfg = Release|Win32
		{B529D683-66C5-4C07-A660-0E886C17346A}.Release|iPhone.ActiveCfg = Release|Win32
		{B529D683-66C5-4C07-A660-0E886C17346A}.Release|iPhoneSimulator.ActiveCfg = Release|Win32
		{B529D683-66C5-4C07-A660-0E886C17346A}.Release|x64.ActiveCfg = Release|x64
		{B529D683-66C5-4C07-A660-0E886C17346A}.Release|x64.Build.0 = Release|x64
		{B529D683-66C5-4C07-A660-0E886C17346A}.Release|x86.ActiveCfg = Release|Win32
		{B529D683-66C5-4C07-A660-0E886C17346A}.Release|x86.Build.0 = Release|Win32
		{E402EB0B-BA79-4B97-8BD4-B07BB860C9C2}.Debug|Any CPU.ActiveCfg = Release|x64
		{E402EB0B-BA79-4B97-8BD4-B07BB860C9C2}.Debug|Any CPU.Build.0 = Release|x64
		{E402EB0B-BA79-4B97-8BD4-B07BB860C9C2}.Debug|ARM.ActiveCfg = Debug|Win32
		{E402EB0B-BA79-4B97-8BD4-B07BB860C9C2}.Debug|ARM64.ActiveCfg = Debug|Win32
		{E402EB0B-BA79-4B97-8BD4-B07BB860C9C2}.Debug|iPhone.ActiveCfg = Debug|Win32
		{E402EB0B-BA79-4B97-8BD4-B07BB860C9C2}.Debug|iPhoneSimulator.ActiveCfg = Debug|Win32
		{E402EB0B-BA79-4B97-8BD4-B07BB860C9C2}.Debug|x64.ActiveCfg = Release|x64
		{E402EB0B-BA79-4B97-8BD4-B07BB860C9C2}.Debug|x64.Build.0 = Release|x64
		{E402EB0B-BA79-4B97-8BD4-B07BB860C9C2}.Debug|x86.ActiveCfg = Debug|Win32
		{E402EB0B-BA79-4B97-8BD4-B07BB860C9C2}.Debug|x86.Build.0 = Debug|Win32
		{E402EB0B-BA79-4B97-8BD4-B07BB860C9C2}.Release|Any CPU.ActiveCfg = Release|x64
		{E402EB0B-BA79-4B97-8BD4-B07BB860C9C2}.Release|Any CPU.Build.0 = Release|x64
		{E402EB0B-BA79-4B97-8BD4-B07BB860C9C2}.Release|ARM.ActiveCfg = Release|Win32
		{E402EB0B-BA79-4B97-8BD4-B07BB860C9C2}.Release|ARM64.ActiveCfg = Release|Win32
		{E402EB0B-BA79-4B97-8BD4-B07BB860C9C2}.Release|iPhone.ActiveCfg = Release|Win32
		{E402EB0B-BA79-4B97-8BD4-B07BB860C9C2}.Release|iPhoneSimulator.ActiveCfg = Release|Win32
		{E402EB0B-BA79-4B97-8BD4-B07BB860C9C2}.Release|x64.ActiveCfg = Release|x64
		{E402EB0B-BA79-4B97-8BD4-B07BB860C9C2}.Release|x64.Build.0 = Release|x64
		{E402EB0B-BA79-4B97-8BD4-B07BB860C9C2}.Release|x86.ActiveCfg = Release|Win32
		{E402EB0B-BA79-4B97-8BD4-B07BB860C9C2}.Release|x86.Build.0 = Release|Win32
		{66B946ED-AB97-4EC5-AF0A-FCFEEF08E938}.Debug|Any CPU.ActiveCfg = Debug|Any CPU
		{66B946ED-AB97-4EC5-AF0A-FCFEEF08E938}.Debug|Any CPU.Build.0 = Debug|Any CPU
		{66B946ED-AB97-4EC5-AF0A-FCFEEF08E938}.Debug|ARM.ActiveCfg = Debug|Any CPU
		{66B946ED-AB97-4EC5-AF0A-FCFEEF08E938}.Debug|ARM.Build.0 = Debug|Any CPU
		{66B946ED-AB97-4EC5-AF0A-FCFEEF08E938}.Debug|ARM64.ActiveCfg = Debug|Any CPU
		{66B946ED-AB97-4EC5-AF0A-FCFEEF08E938}.Debug|ARM64.Build.0 = Debug|Any CPU
		{66B946ED-AB97-4EC5-AF0A-FCFEEF08E938}.Debug|iPhone.ActiveCfg = Debug|Any CPU
		{66B946ED-AB97-4EC5-AF0A-FCFEEF08E938}.Debug|iPhone.Build.0 = Debug|Any CPU
		{66B946ED-AB97-4EC5-AF0A-FCFEEF08E938}.Debug|iPhoneSimulator.ActiveCfg = Debug|Any CPU
		{66B946ED-AB97-4EC5-AF0A-FCFEEF08E938}.Debug|iPhoneSimulator.Build.0 = Debug|Any CPU
		{66B946ED-AB97-4EC5-AF0A-FCFEEF08E938}.Debug|x64.ActiveCfg = Release|Any CPU
		{66B946ED-AB97-4EC5-AF0A-FCFEEF08E938}.Debug|x64.Build.0 = Release|Any CPU
		{66B946ED-AB97-4EC5-AF0A-FCFEEF08E938}.Debug|x86.ActiveCfg = Debug|Any CPU
		{66B946ED-AB97-4EC5-AF0A-FCFEEF08E938}.Debug|x86.Build.0 = Debug|Any CPU
		{66B946ED-AB97-4EC5-AF0A-FCFEEF08E938}.Release|Any CPU.ActiveCfg = Debug|Any CPU
		{66B946ED-AB97-4EC5-AF0A-FCFEEF08E938}.Release|Any CPU.Build.0 = Debug|Any CPU
		{66B946ED-AB97-4EC5-AF0A-FCFEEF08E938}.Release|ARM.ActiveCfg = Release|Any CPU
		{66B946ED-AB97-4EC5-AF0A-FCFEEF08E938}.Release|ARM.Build.0 = Release|Any CPU
		{66B946ED-AB97-4EC5-AF0A-FCFEEF08E938}.Release|ARM64.ActiveCfg = Release|Any CPU
		{66B946ED-AB97-4EC5-AF0A-FCFEEF08E938}.Release|ARM64.Build.0 = Release|Any CPU
		{66B946ED-AB97-4EC5-AF0A-FCFEEF08E938}.Release|iPhone.ActiveCfg = Release|Any CPU
		{66B946ED-AB97-4EC5-AF0A-FCFEEF08E938}.Release|iPhone.Build.0 = Release|Any CPU
		{66B946ED-AB97-4EC5-AF0A-FCFEEF08E938}.Release|iPhoneSimulator.ActiveCfg = Release|Any CPU
		{66B946ED-AB97-4EC5-AF0A-FCFEEF08E938}.Release|iPhoneSimulator.Build.0 = Release|Any CPU
		{66B946ED-AB97-4EC5-AF0A-FCFEEF08E938}.Release|x64.ActiveCfg = Debug|Any CPU
		{66B946ED-AB97-4EC5-AF0A-FCFEEF08E938}.Release|x64.Build.0 = Debug|Any CPU
		{66B946ED-AB97-4EC5-AF0A-FCFEEF08E938}.Release|x86.ActiveCfg = Release|Any CPU
		{66B946ED-AB97-4EC5-AF0A-FCFEEF08E938}.Release|x86.Build.0 = Release|Any CPU
		{BA7A4DEB-AA28-45C2-B217-7439E9D3C269}.Debug|Any CPU.ActiveCfg = Debug
		{BA7A4DEB-AA28-45C2-B217-7439E9D3C269}.Debug|Any CPU.Build.0 = Debug
		{BA7A4DEB-AA28-45C2-B217-7439E9D3C269}.Debug|ARM.ActiveCfg = Debug
		{BA7A4DEB-AA28-45C2-B217-7439E9D3C269}.Debug|ARM.Build.0 = Debug
		{BA7A4DEB-AA28-45C2-B217-7439E9D3C269}.Debug|ARM64.ActiveCfg = Debug
		{BA7A4DEB-AA28-45C2-B217-7439E9D3C269}.Debug|ARM64.Build.0 = Debug
		{BA7A4DEB-AA28-45C2-B217-7439E9D3C269}.Debug|iPhone.ActiveCfg = Debug
		{BA7A4DEB-AA28-45C2-B217-7439E9D3C269}.Debug|iPhone.Build.0 = Debug
		{BA7A4DEB-AA28-45C2-B217-7439E9D3C269}.Debug|iPhoneSimulator.ActiveCfg = Debug
		{BA7A4DEB-AA28-45C2-B217-7439E9D3C269}.Debug|iPhoneSimulator.Build.0 = Debug
		{BA7A4DEB-AA28-45C2-B217-7439E9D3C269}.Debug|x64.ActiveCfg = Release
		{BA7A4DEB-AA28-45C2-B217-7439E9D3C269}.Debug|x64.Build.0 = Release
		{BA7A4DEB-AA28-45C2-B217-7439E9D3C269}.Debug|x86.ActiveCfg = Debug
		{BA7A4DEB-AA28-45C2-B217-7439E9D3C269}.Debug|x86.Build.0 = Debug
		{BA7A4DEB-AA28-45C2-B217-7439E9D3C269}.Release|Any CPU.ActiveCfg = Release
		{BA7A4DEB-AA28-45C2-B217-7439E9D3C269}.Release|Any CPU.Build.0 = Release
		{BA7A4DEB-AA28-45C2-B217-7439E9D3C269}.Release|ARM.ActiveCfg = Release
		{BA7A4DEB-AA28-45C2-B217-7439E9D3C269}.Release|ARM.Build.0 = Release
		{BA7A4DEB-AA28-45C2-B217-7439E9D3C269}.Release|ARM64.ActiveCfg = Release
		{BA7A4DEB-AA28-45C2-B217-7439E9D3C269}.Release|ARM64.Build.0 = Release
		{BA7A4DEB-AA28-45C2-B217-7439E9D3C269}.Release|iPhone.ActiveCfg = Release
		{BA7A4DEB-AA28-45C2-B217-7439E9D3C269}.Release|iPhone.Build.0 = Release
		{BA7A4DEB-AA28-45C2-B217-7439E9D3C269}.Release|iPhoneSimulator.ActiveCfg = Release
		{BA7A4DEB-AA28-45C2-B217-7439E9D3C269}.Release|iPhoneSimulator.Build.0 = Release
		{BA7A4DEB-AA28-45C2-B217-7439E9D3C269}.Release|x64.ActiveCfg = Release
		{BA7A4DEB-AA28-45C2-B217-7439E9D3C269}.Release|x64.Build.0 = Release
		{BA7A4DEB-AA28-45C2-B217-7439E9D3C269}.Release|x86.ActiveCfg = Release
		{BA7A4DEB-AA28-45C2-B217-7439E9D3C269}.Release|x86.Build.0 = Release
	EndGlobalSection
	GlobalSection(SolutionProperties) = preSolution
		HideSolutionNode = FALSE
	EndGlobalSection
	GlobalSection(NestedProjects) = preSolution
		{00159E40-C6F1-41F4-8B5F-1EC191A27A14} = {BAADA90A-1DDC-4322-901E-B862637AEA3E}
		{5E0E837E-A9C9-416F-B418-0DCFA94FA200} = {7801E0C7-4CCD-4D3F-9966-28097F5AE5AC}
		{3F1DAFBD-9E14-4E38-81E9-DB4AF4809721} = {93874B3B-560E-460B-AF98-F7B6AD6880FA}
		{D5E76E23-1C18-4361-816D-03B5C1FD7116} = {6541BAAE-1886-4C5B-AFFB-3C9C07AF308B}
		{C9CA8908-0FCD-4302-A962-A50215223380} = {618427DC-3A3C-44AB-AD6A-C2C5543431E1}
		{5B6E4898-FA84-465B-91D9-E0547E3B3C29} = {75854C18-A942-4A13-8DA4-96A899672F04}
		{50C8A67C-1DE4-4DA8-9C33-8FA249EB375E} = {75854C18-A942-4A13-8DA4-96A899672F04}
		{28ADE060-7DF2-4FBA-BC96-9801C7993490} = {7B8F2343-2040-4232-BC23-A153C5B98E7E}
		{A9A70F1B-A6D7-4094-8CB4-CD5A90AF940E} = {E41004AD-B997-42E4-A554-04604A8F5C9D}
		{1A272023-C990-41F9-BCFF-7F480377A6A0} = {55CDF410-E989-4DDF-AE22-9E59D1CF68BF}
		{6D90B501-45BF-4777-8EE1-BE7F74A8D6D1} = {1F7B1FDF-884F-439C-956A-1CF4299ABB65}
		{2CF0C9A6-7CDD-4F5E-98D9-190F88BEA6F3} = {20DB2199-95A2-4184-BE60-9DDA31EA2397}
		{B529D683-66C5-4C07-A660-0E886C17346A} = {EA421CBA-A81B-4046-84A5-5559AE60C0BD}
		{E402EB0B-BA79-4B97-8BD4-B07BB860C9C2} = {7281BA51-2F89-4B74-854B-5677A2DCC3F2}
		{11526701-A396-4C32-B98A-525B4CBDE867} = {F82B69F8-8606-4E9B-AFA4-898B97B65038}
		{75854C18-A942-4A13-8DA4-96A899672F04} = {FFC77E5D-2079-42CC-98A5-F2FE6D5D0CF6}
		{7801E0C7-4CCD-4D3F-9966-28097F5AE5AC} = {F82B69F8-8606-4E9B-AFA4-898B97B65038}
		{66B946ED-AB97-4EC5-AF0A-FCFEEF08E938} = {11526701-A396-4C32-B98A-525B4CBDE867}
		{F680EDD0-BB01-48B2-972A-D5FAC8766FFA} = {F82B69F8-8606-4E9B-AFA4-898B97B65038}
		{BA7A4DEB-AA28-45C2-B217-7439E9D3C269} = {BD291BA3-8335-431E-9642-F3FABE5CC432}
		{BD291BA3-8335-431E-9642-F3FABE5CC432} = {11526701-A396-4C32-B98A-525B4CBDE867}
		{BAADA90A-1DDC-4322-901E-B862637AEA3E} = {20DB2199-95A2-4184-BE60-9DDA31EA2397}
		{E41004AD-B997-42E4-A554-04604A8F5C9D} = {2CF0C9A6-7CDD-4F5E-98D9-190F88BEA6F3}
		{EA421CBA-A81B-4046-84A5-5559AE60C0BD} = {2CF0C9A6-7CDD-4F5E-98D9-190F88BEA6F3}
		{618427DC-3A3C-44AB-AD6A-C2C5543431E1} = {2CF0C9A6-7CDD-4F5E-98D9-190F88BEA6F3}
		{7281BA51-2F89-4B74-854B-5677A2DCC3F2} = {2CF0C9A6-7CDD-4F5E-98D9-190F88BEA6F3}
		{55CDF410-E989-4DDF-AE22-9E59D1CF68BF} = {2CF0C9A6-7CDD-4F5E-98D9-190F88BEA6F3}
		{1F7B1FDF-884F-439C-956A-1CF4299ABB65} = {2CF0C9A6-7CDD-4F5E-98D9-190F88BEA6F3}
		{93874B3B-560E-460B-AF98-F7B6AD6880FA} = {446C44D6-C51A-4301-AC7A-D3A734372C92}
		{7B8F2343-2040-4232-BC23-A153C5B98E7E} = {446C44D6-C51A-4301-AC7A-D3A734372C92}
		{F82B69F8-8606-4E9B-AFA4-898B97B65038} = {FFC77E5D-2079-42CC-98A5-F2FE6D5D0CF6}
		{6541BAAE-1886-4C5B-AFFB-3C9C07AF308B} = {20DB2199-95A2-4184-BE60-9DDA31EA2397}
	EndGlobalSection
	GlobalSection(ExtensibilityGlobals) = postSolution
		SolutionGuid = {B59528EA-E859-4397-B830-FB65FBAA4835}
	EndGlobalSection
EndGlobal
