<?xml version="1.0" encoding="utf-8"?>
<Project ToolsVersion="4.0" xmlns="http://schemas.microsoft.com/developer/msbuild/2003">
  <ItemGroup>
    <Filter Include="Files">
      <UniqueIdentifier>{93995380-89BD-4b04-88EB-625FBE52EBFB}</UniqueIdentifier>
      <Extensions>h;hh;hpp;hxx;h++;hm;inl;inc;ipp;xsd</Extensions>
    </Filter>
    <Filter Include="Files\Precompiled Headers">
      <UniqueIdentifier>{530b1854-d47e-47c7-8b9c-f411f1f2a758}</UniqueIdentifier>
    </Filter>
  </ItemGroup>
  <ItemGroup>
    <ClInclude Include="framework.h">
      <Filter>Files\Precompiled Headers</Filter>
    </ClInclude>
    <ClInclude Include="pch.h">
      <Filter>Files\Precompiled Headers</Filter>
    </ClInclude>
  </ItemGroup>
  <ItemGroup>
    <ClCompile Include="..\dlib-19.17\source\dlib\all\source.cpp">
      <Filter>Files</Filter>
    </ClCompile>
    <ClCompile Include="DlibStaticLibrary.cpp">
      <Filter>Files\Precompiled Headers</Filter>
    </ClCompile>
    <ClCompile Include="pch.cpp">
      <Filter>Files\Precompiled Headers</Filter>
    </ClCompile>
  </ItemGroup>
</Project>