<?xml version="1.0" encoding="utf-8"?>
<Project ToolsVersion="4.0" xmlns="http://schemas.microsoft.com/developer/msbuild/2003">
  <ItemGroup>
    <Filter Include="Source Files">
      <UniqueIdentifier>{4FC737F1-C7A5-4376-A066-2A32D752A2FF}</UniqueIdentifier>
      <Extensions>cpp;c;cc;cxx;c++;cppm;ixx;def;odl;idl;hpj;bat;asm;asmx</Extensions>
    </Filter>
    <Filter Include="Header Files">
      <UniqueIdentifier>{93995380-89BD-4b04-88EB-625FBE52EBFB}</UniqueIdentifier>
      <Extensions>h;hh;hpp;hxx;h++;hm;inl;inc;ipp;xsd</Extensions>
    </Filter>
    <Filter Include="Units">
      <UniqueIdentifier>{5352ccac-3626-4de3-8dd2-c103382cf752}</UniqueIdentifier>
    </Filter>
    <Filter Include="Units\UnitsLibrary">
      <UniqueIdentifier>{f548ad70-4b7f-4565-861d-91cfcf7b01b1}</UniqueIdentifier>
    </Filter>
    <Filter Include="Language Resources">
      <UniqueIdentifier>{5a3f1859-c981-4d69-9b6d-fd036aae6b51}</UniqueIdentifier>
    </Filter>
  </ItemGroup>
  <ItemGroup>
    <ClCompile Include="GoodLang.cpp">
      <Filter>Source Files</Filter>
    </ClCompile>
    <ClCompile Include="Any.cpp">
      <Filter>Source Files</Filter>
    </ClCompile>
    <ClCompile Include="Proxy_Function.cpp">
      <Filter>Source Files</Filter>
    </ClCompile>
    <ClCompile Include="ThreadSafeContainers.cpp">
      <Filter>Source Files</Filter>
    </ClCompile>
    <ClCompile Include="Units_Base.cpp">
      <Filter>Units</Filter>
    </ClCompile>
    <ClCompile Include="Units_Instances.cpp">
      <Filter>Units</Filter>
    </ClCompile>
    <ClCompile Include="DateTime.cpp">
      <Filter>Source Files</Filter>
    </ClCompile>
    <ClCompile Include="Parallel.cpp">
      <Filter>Source Files</Filter>
    </ClCompile>
    <ClCompile Include="Scopes.cpp">
      <Filter>Source Files</Filter>
    </ClCompile>
    <ClCompile Include="UnitsLibrary_1.cpp">
      <Filter>Units\UnitsLibrary</Filter>
    </ClCompile>
    <ClCompile Include="UnitsLibrary_2.cpp">
      <Filter>Units\UnitsLibrary</Filter>
    </ClCompile>
    <ClCompile Include="UnitsLibrary_3.cpp">
      <Filter>Units\UnitsLibrary</Filter>
    </ClCompile>
    <ClCompile Include="UnitsLibrary_4.cpp">
      <Filter>Units\UnitsLibrary</Filter>
    </ClCompile>
    <ClCompile Include="UnitsLibrary_5.cpp">
      <Filter>Units\UnitsLibrary</Filter>
    </ClCompile>
    <ClCompile Include="UnitsLibrary_6.cpp">
      <Filter>Units\UnitsLibrary</Filter>
    </ClCompile>
    <ClCompile Include="Built_In_Classes.cpp">
      <Filter>Source Files</Filter>
    </ClCompile>
  </ItemGroup>
  <ItemGroup>
    <ClInclude Include="Any.h">
      <Filter>Header Files</Filter>
    </ClInclude>
    <ClInclude Include="Foundation.h">
      <Filter>Header Files</Filter>
    </ClInclude>
    <ClInclude Include="Proxy_Function.h">
      <Filter>Header Files</Filter>
    </ClInclude>
    <ClInclude Include="ThreadSafeContainers.h">
      <Filter>Header Files</Filter>
    </ClInclude>
    <ClInclude Include="Units.h">
      <Filter>Units</Filter>
    </ClInclude>
    <ClInclude Include="Units_Base.h">
      <Filter>Units</Filter>
    </ClInclude>
    <ClInclude Include="Units_Instances.h">
      <Filter>Units</Filter>
    </ClInclude>
    <ClInclude Include="Units_Literals.h">
      <Filter>Units</Filter>
    </ClInclude>
    <ClInclude Include="DateTime.h">
      <Filter>Header Files</Filter>
    </ClInclude>
    <ClInclude Include="Parallel.h">
      <Filter>Header Files</Filter>
    </ClInclude>
    <ClInclude Include="Scopes.h">
      <Filter>Header Files</Filter>
    </ClInclude>
    <ClInclude Include="AST_Node.h">
      <Filter>Language Resources</Filter>
    </ClInclude>
    <ClInclude Include="veque.hpp">
      <Filter>Language Resources</Filter>
    </ClInclude>
  </ItemGroup>
</Project>